// !$*UTF8*$!
{
	archiveVersion = 1;
	classes = {
	};
	objectVersion = 50;
	objects = {

/* Begin PBXBuildFile section */
		189ED4A52104B57D004ECEF5 /* MomentTableCell.swift in Sources */ = {isa = PBXBuildFile; fileRef = 189ED4A32104B57D004ECEF5 /* MomentTableCell.swift */; };
		189ED4A62104B57D004ECEF5 /* MomentTableCell.xib in Resources */ = {isa = PBXBuildFile; fileRef = 189ED4A42104B57D004ECEF5 /* MomentTableCell.xib */; };
		189ED4A82104C0FA004ECEF5 /* ImageCoinArrondi.swift in Sources */ = {isa = PBXBuildFile; fileRef = 189ED4A72104C0FA004ECEF5 /* ImageCoinArrondi.swift */; };
		189ED4AB2104D3F5004ECEF5 /* MomentCollectionCell.swift in Sources */ = {isa = PBXBuildFile; fileRef = 189ED4A92104D3F5004ECEF5 /* MomentCollectionCell.swift */; };
		189ED4AC2104D3F5004ECEF5 /* MomentCollectionCell.xib in Resources */ = {isa = PBXBuildFile; fileRef = 189ED4AA2104D3F5004ECEF5 /* MomentCollectionCell.xib */; };
		18E081B420FD6359004903F8 /* CollectionController.swift in Sources */ = {isa = PBXBuildFile; fileRef = 18E081B220FD6359004903F8 /* CollectionController.swift */; };
		18E081B520FD6359004903F8 /* CollectionController.xib in Resources */ = {isa = PBXBuildFile; fileRef = 18E081B320FD6359004903F8 /* CollectionController.xib */; };
		18E081B820FD64FA004903F8 /* TableController.swift in Sources */ = {isa = PBXBuildFile; fileRef = 18E081B620FD64FA004903F8 /* TableController.swift */; };
		18E081B920FD64FA004903F8 /* TableController.xib in Resources */ = {isa = PBXBuildFile; fileRef = 18E081B720FD64FA004903F8 /* TableController.xib */; };
		18E081BB20FD659E004903F8 /* TabBarController.swift in Sources */ = {isa = PBXBuildFile; fileRef = 18E081BA20FD659E004903F8 /* TabBarController.swift */; };
		18E081BD20FD6A87004903F8 /* Photo.swift in Sources */ = {isa = PBXBuildFile; fileRef = 18E081BC20FD6A87004903F8 /* Photo.swift */; };
		18E081BF20FD6B88004903F8 /* BaseDePhotos.swift in Sources */ = {isa = PBXBuildFile; fileRef = 18E081BE20FD6B88004903F8 /* BaseDePhotos.swift */; };
		18F27CF020FC0D32006390AB /* AppDelegate.swift in Sources */ = {isa = PBXBuildFile; fileRef = 18F27CEF20FC0D32006390AB /* AppDelegate.swift */; };
		18F27CF720FC0D36006390AB /* Assets.xcassets in Resources */ = {isa = PBXBuildFile; fileRef = 18F27CF620FC0D36006390AB /* Assets.xcassets */; };
		18F27CFA20FC0D36006390AB /* LaunchScreen.storyboard in Resources */ = {isa = PBXBuildFile; fileRef = 18F27CF820FC0D36006390AB /* LaunchScreen.storyboard */; };
/* End PBXBuildFile section */

/* Begin PBXFileReference section */
		189ED4A32104B57D004ECEF5 /* MomentTableCell.swift */ = {isa = PBXFileReference; lastKnownFileType = sourcecode.swift; path = MomentTableCell.swift; sourceTree = "<group>"; };
		189ED4A42104B57D004ECEF5 /* MomentTableCell.xib */ = {isa = PBXFileReference; lastKnownFileType = file.xib; path = MomentTableCell.xib; sourceTree = "<group>"; };
		189ED4A72104C0FA004ECEF5 /* ImageCoinArrondi.swift */ = {isa = PBXFileReference; lastKnownFileType = sourcecode.swift; path = ImageCoinArrondi.swift; sourceTree = "<group>"; };
		189ED4A92104D3F5004ECEF5 /* MomentCollectionCell.swift */ = {isa = PBXFileReference; lastKnownFileType = sourcecode.swift; path = MomentCollectionCell.swift; sourceTree = "<group>"; };
		189ED4AA2104D3F5004ECEF5 /* MomentCollectionCell.xib */ = {isa = PBXFileReference; lastKnownFileType = file.xib; path = MomentCollectionCell.xib; sourceTree = "<group>"; };
		18E081B220FD6359004903F8 /* CollectionController.swift */ = {isa = PBXFileReference; lastKnownFileType = sourcecode.swift; path = CollectionController.swift; sourceTree = "<group>"; };
		18E081B320FD6359004903F8 /* CollectionController.xib */ = {isa = PBXFileReference; lastKnownFileType = file.xib; path = CollectionController.xib; sourceTree = "<group>"; };
		18E081B620FD64FA004903F8 /* TableController.swift */ = {isa = PBXFileReference; lastKnownFileType = sourcecode.swift; path = TableController.swift; sourceTree = "<group>"; };
		18E081B720FD64FA004903F8 /* TableController.xib */ = {isa = PBXFileReference; lastKnownFileType = file.xib; path = TableController.xib; sourceTree = "<group>"; };
		18E081BA20FD659E004903F8 /* TabBarController.swift */ = {isa = PBXFileReference; lastKnownFileType = sourcecode.swift; path = TabBarController.swift; sourceTree = "<group>"; };
		18E081BC20FD6A87004903F8 /* Photo.swift */ = {isa = PBXFileReference; lastKnownFileType = sourcecode.swift; path = Photo.swift; sourceTree = "<group>"; };
		18E081BE20FD6B88004903F8 /* BaseDePhotos.swift */ = {isa = PBXFileReference; lastKnownFileType = sourcecode.swift; path = BaseDePhotos.swift; sourceTree = "<group>"; };
		18F27CEC20FC0D32006390AB /* Moments.app */ = {isa = PBXFileReference; explicitFileType = wrapper.application; includeInIndex = 0; path = Moments.app; sourceTree = BUILT_PRODUCTS_DIR; };
		18F27CEF20FC0D32006390AB /* AppDelegate.swift */ = {isa = PBXFileReference; lastKnownFileType = sourcecode.swift; path = AppDelegate.swift; sourceTree = "<group>"; };
		18F27CF620FC0D36006390AB /* Assets.xcassets */ = {isa = PBXFileReference; lastKnownFileType = folder.assetcatalog; path = Assets.xcassets; sourceTree = "<group>"; };
		18F27CF920FC0D36006390AB /* Base */ = {isa = PBXFileReference; lastKnownFileType = file.storyboard; name = Base; path = Base.lproj/LaunchScreen.storyboard; sourceTree = "<group>"; };
		18F27CFB20FC0D36006390AB /* Info.plist */ = {isa = PBXFileReference; lastKnownFileType = text.plist.xml; path = Info.plist; sourceTree = "<group>"; };
/* End PBXFileReference section */

/* Begin PBXFrameworksBuildPhase section */
		18F27CE920FC0D32006390AB /* Frameworks */ = {
			isa = PBXFrameworksBuildPhase;
			buildActionMask = 2147483647;
			files = (
			);
			runOnlyForDeploymentPostprocessing = 0;
		};
/* End PBXFrameworksBuildPhase section */

/* Begin PBXGroup section */
		18E081AF20FD62C5004903F8 /* Model */ = {
			isa = PBXGroup;
			children = (
				18E081BC20FD6A87004903F8 /* Photo.swift */,
				18E081BE20FD6B88004903F8 /* BaseDePhotos.swift */,
			);
			path = Model;
			sourceTree = "<group>";
		};
		18E081B020FD62DA004903F8 /* View */ = {
			isa = PBXGroup;
			children = (
				189ED4A32104B57D004ECEF5 /* MomentTableCell.swift */,
				189ED4A42104B57D004ECEF5 /* MomentTableCell.xib */,
				189ED4A72104C0FA004ECEF5 /* ImageCoinArrondi.swift */,
				189ED4A92104D3F5004ECEF5 /* MomentCollectionCell.swift */,
				189ED4AA2104D3F5004ECEF5 /* MomentCollectionCell.xib */,
			);
			path = View;
			sourceTree = "<group>";
		};
		18E081B120FD62E2004903F8 /* Controller */ = {
			isa = PBXGroup;
			children = (
				18E081B220FD6359004903F8 /* CollectionController.swift */,
				18E081B320FD6359004903F8 /* CollectionController.xib */,
				18E081B620FD64FA004903F8 /* TableController.swift */,
				18E081B720FD64FA004903F8 /* TableController.xib */,
				18E081BA20FD659E004903F8 /* TabBarController.swift */,
			);
			path = Controller;
			sourceTree = "<group>";
		};
		18F27CE320FC0D32006390AB = {
			isa = PBXGroup;
			children = (
				18F27CEE20FC0D32006390AB /* Moments */,
				18F27CED20FC0D32006390AB /* Products */,
			);
			sourceTree = "<group>";
		};
		18F27CED20FC0D32006390AB /* Products */ = {
			isa = PBXGroup;
			children = (
				18F27CEC20FC0D32006390AB /* Moments.app */,
			);
			name = Products;
			sourceTree = "<group>";
		};
		18F27CEE20FC0D32006390AB /* Moments */ = {
			isa = PBXGroup;
			children = (
				18F27CEF20FC0D32006390AB /* AppDelegate.swift */,
				18E081B120FD62E2004903F8 /* Controller */,
				18E081B020FD62DA004903F8 /* View */,
				18E081AF20FD62C5004903F8 /* Model */,
				18F27CF620FC0D36006390AB /* Assets.xcassets */,
				18F27CF820FC0D36006390AB /* LaunchScreen.storyboard */,
				18F27CFB20FC0D36006390AB /* Info.plist */,
			);
			path = Moments;
			sourceTree = "<group>";
		};
/* End PBXGroup section */

/* Begin PBXNativeTarget section */
		18F27CEB20FC0D32006390AB /* Moments */ = {
			isa = PBXNativeTarget;
			buildConfigurationList = 18F27CFE20FC0D36006390AB /* Build configuration list for PBXNativeTarget "Moments" */;
			buildPhases = (
				18F27CE820FC0D32006390AB /* Sources */,
				18F27CE920FC0D32006390AB /* Frameworks */,
				18F27CEA20FC0D32006390AB /* Resources */,
			);
			buildRules = (
			);
			dependencies = (
			);
			name = Moments;
			productName = Moments;
			productReference = 18F27CEC20FC0D32006390AB /* Moments.app */;
			productType = "com.apple.product-type.application";
		};
/* End PBXNativeTarget section */

/* Begin PBXProject section */
		18F27CE420FC0D32006390AB /* Project object */ = {
			isa = PBXProject;
			attributes = {
				LastSwiftUpdateCheck = 0940;
				LastUpgradeCheck = 0940;
				ORGANIZATIONNAME = "MAC-Anas";
				TargetAttributes = {
					18F27CEB20FC0D32006390AB = {
						CreatedOnToolsVersion = 9.4.1;
					};
				};
			};
			buildConfigurationList = 18F27CE720FC0D32006390AB /* Build configuration list for PBXProject "Moments" */;
			compatibilityVersion = "Xcode 9.3";
			developmentRegion = en;
			hasScannedForEncodings = 0;
			knownRegions = (
				en,
				Base,
			);
			mainGroup = 18F27CE320FC0D32006390AB;
			productRefGroup = 18F27CED20FC0D32006390AB /* Products */;
			projectDirPath = "";
			projectRoot = "";
			targets = (
				18F27CEB20FC0D32006390AB /* Moments */,
			);
		};
/* End PBXProject section */

/* Begin PBXResourcesBuildPhase section */
		18F27CEA20FC0D32006390AB /* Resources */ = {
			isa = PBXResourcesBuildPhase;
			buildActionMask = 2147483647;
			files = (
				18E081B920FD64FA004903F8 /* TableController.xib in Resources */,
				189ED4AC2104D3F5004ECEF5 /* MomentCollectionCell.xib in Resources */,
				189ED4A62104B57D004ECEF5 /* MomentTableCell.xib in Resources */,
				18F27CFA20FC0D36006390AB /* LaunchScreen.storyboard in Resources */,
				18E081B520FD6359004903F8 /* CollectionController.xib in Resources */,
				18F27CF720FC0D36006390AB /* Assets.xcassets in Resources */,
			);
			runOnlyForDeploymentPostprocessing = 0;
		};
/* End PBXResourcesBuildPhase section */

/* Begin PBXSourcesBuildPhase section */
		18F27CE820FC0D32006390AB /* Sources */ = {
			isa = PBXSourcesBuildPhase;
			buildActionMask = 2147483647;
			files = (
				18E081B820FD64FA004903F8 /* TableController.swift in Sources */,
				189ED4A52104B57D004ECEF5 /* MomentTableCell.swift in Sources */,
				18E081BB20FD659E004903F8 /* TabBarController.swift in Sources */,
				18F27CF020FC0D32006390AB /* AppDelegate.swift in Sources */,
				189ED4A82104C0FA004ECEF5 /* ImageCoinArrondi.swift in Sources */,
				18E081B420FD6359004903F8 /* CollectionController.swift in Sources */,
				18E081BF20FD6B88004903F8 /* BaseDePhotos.swift in Sources */,
				189ED4AB2104D3F5004ECEF5 /* MomentCollectionCell.swift in Sources */,
				18E081BD20FD6A87004903F8 /* Photo.swift in Sources */,
			);
			runOnlyForDeploymentPostprocessing = 0;
		};
/* End PBXSourcesBuildPhase section */

/* Begin PBXVariantGroup section */
		18F27CF820FC0D36006390AB /* LaunchScreen.storyboard */ = {
			isa = PBXVariantGroup;
			children = (
				18F27CF920FC0D36006390AB /* Base */,
			);
			name = LaunchScreen.storyboard;
			sourceTree = "<group>";
		};
/* End PBXVariantGroup section */

/* Begin XCBuildConfiguration section */
		18F27CFC20FC0D36006390AB /* Debug */ = {
			isa = XCBuildConfiguration;
			buildSettings = {
				ALWAYS_SEARCH_USER_PATHS = NO;
				CLANG_ANALYZER_NONNULL = YES;
				CLANG_ANALYZER_NUMBER_OBJECT_CONVERSION = YES_AGGRESSIVE;
				CLANG_CXX_LANGUAGE_STANDARD = "gnu++14";
				CLANG_CXX_LIBRARY = "libc++";
				CLANG_ENABLE_MODULES = YES;
				CLANG_ENABLE_OBJC_ARC = YES;
				CLANG_ENABLE_OBJC_WEAK = YES;
				CLANG_WARN_BLOCK_CAPTURE_AUTORELEASING = YES;
				CLANG_WARN_BOOL_CONVERSION = YES;
				CLANG_WARN_COMMA = YES;
				CLANG_WARN_CONSTANT_CONVERSION = YES;
				CLANG_WARN_DEPRECATED_OBJC_IMPLEMENTATIONS = YES;
				CLANG_WARN_DIRECT_OBJC_ISA_USAGE = YES_ERROR;
				CLANG_WARN_DOCUMENTATION_COMMENTS = YES;
				CLANG_WARN_EMPTY_BODY = YES;
				CLANG_WARN_ENUM_CONVERSION = YES;
				CLANG_WARN_INFINITE_RECURSION = YES;
				CLANG_WARN_INT_CONVERSION = YES;
				CLANG_WARN_NON_LITERAL_NULL_CONVERSION = YES;
				CLANG_WARN_OBJC_IMPLICIT_RETAIN_SELF = YES;
				CLANG_WARN_OBJC_LITERAL_CONVERSION = YES;
				CLANG_WARN_OBJC_ROOT_CLASS = YES_ERROR;
				CLANG_WARN_RANGE_LOOP_ANALYSIS = YES;
				CLANG_WARN_STRICT_PROTOTYPES = YES;
				CLANG_WARN_SUSPICIOUS_MOVE = YES;
				CLANG_WARN_UNGUARDED_AVAILABILITY = YES_AGGRESSIVE;
				CLANG_WARN_UNREACHABLE_CODE = YES;
				CLANG_WARN__DUPLICATE_METHOD_MATCH = YES;
				CODE_SIGN_IDENTITY = "iPhone Developer";
				COPY_PHASE_STRIP = NO;
				DEBUG_INFORMATION_FORMAT = dwarf;
				ENABLE_STRICT_OBJC_MSGSEND = YES;
				ENABLE_TESTABILITY = YES;
				GCC_C_LANGUAGE_STANDARD = gnu11;
				GCC_DYNAMIC_NO_PIC = NO;
				GCC_NO_COMMON_BLOCKS = YES;
				GCC_OPTIMIZATION_LEVEL = 0;
				GCC_PREPROCESSOR_DEFINITIONS = (
					"DEBUG=1",
					"$(inherited)",
				);
				GCC_WARN_64_TO_32_BIT_CONVERSION = YES;
				GCC_WARN_ABOUT_RETURN_TYPE = YES_ERROR;
				GCC_WARN_UNDECLARED_SELECTOR = YES;
				GCC_WARN_UNINITIALIZED_AUTOS = YES_AGGRESSIVE;
				GCC_WARN_UNUSED_FUNCTION = YES;
				GCC_WARN_UNUSED_VARIABLE = YES;
				IPHONEOS_DEPLOYMENT_TARGET = 11.4;
				MTL_ENABLE_DEBUG_INFO = YES;
				ONLY_ACTIVE_ARCH = YES;
				SDKROOT = iphoneos;
				SWIFT_ACTIVE_COMPILATION_CONDITIONS = DEBUG;
				SWIFT_OPTIMIZATION_LEVEL = "-Onone";
			};
			name = Debug;
		};
		18F27CFD20FC0D36006390AB /* Release */ = {
			isa = XCBuildConfiguration;
			buildSettings = {
				ALWAYS_SEARCH_USER_PATHS = NO;
				CLANG_ANALYZER_NONNULL = YES;
				CLANG_ANALYZER_NUMBER_OBJECT_CONVERSION = YES_AGGRESSIVE;
				CLANG_CXX_LANGUAGE_STANDARD = "gnu++14";
				CLANG_CXX_LIBRARY = "libc++";
				CLANG_ENABLE_MODULES = YES;
				CLANG_ENABLE_OBJC_ARC = YES;
				CLANG_ENABLE_OBJC_WEAK = YES;
				CLANG_WARN_BLOCK_CAPTURE_AUTORELEASING = YES;
				CLANG_WARN_BOOL_CONVERSION = YES;
				CLANG_WARN_COMMA = YES;
				CLANG_WARN_CONSTANT_CONVERSION = YES;
				CLANG_WARN_DEPRECATED_OBJC_IMPLEMENTATIONS = YES;
				CLANG_WARN_DIRECT_OBJC_ISA_USAGE = YES_ERROR;
				CLANG_WARN_DOCUMENTATION_COMMENTS = YES;
				CLANG_WARN_EMPTY_BODY = YES;
				CLANG_WARN_ENUM_CONVERSION = YES;
				CLANG_WARN_INFINITE_RECURSION = YES;
				CLANG_WARN_INT_CONVERSION = YES;
				CLANG_WARN_NON_LITERAL_NULL_CONVERSION = YES;
				CLANG_WARN_OBJC_IMPLICIT_RETAIN_SELF = YES;
				CLANG_WARN_OBJC_LITERAL_CONVERSION = YES;
				CLANG_WARN_OBJC_ROOT_CLASS = YES_ERROR;
				CLANG_WARN_RANGE_LOOP_ANALYSIS = YES;
				CLANG_WARN_STRICT_PROTOTYPES = YES;
				CLANG_WARN_SUSPICIOUS_MOVE = YES;
				CLANG_WARN_UNGUARDED_AVAILABILITY = YES_AGGRESSIVE;
				CLANG_WARN_UNREACHABLE_CODE = YES;
				CLANG_WARN__DUPLICATE_METHOD_MATCH = YES;
				CODE_SIGN_IDENTITY = "iPhone Developer";
				COPY_PHASE_STRIP = NO;
				DEBUG_INFORMATION_FORMAT = "dwarf-with-dsym";
				ENABLE_NS_ASSERTIONS = NO;
				ENABLE_STRICT_OBJC_MSGSEND = YES;
				GCC_C_LANGUAGE_STANDARD = gnu11;
				GCC_NO_COMMON_BLOCKS = YES;
				GCC_WARN_64_TO_32_BIT_CONVERSION = YES;
				GCC_WARN_ABOUT_RETURN_TYPE = YES_ERROR;
				GCC_WARN_UNDECLARED_SELECTOR = YES;
				GCC_WARN_UNINITIALIZED_AUTOS = YES_AGGRESSIVE;
				GCC_WARN_UNUSED_FUNCTION = YES;
				GCC_WARN_UNUSED_VARIABLE = YES;
				IPHONEOS_DEPLOYMENT_TARGET = 11.4;
				MTL_ENABLE_DEBUG_INFO = NO;
				SDKROOT = iphoneos;
				SWIFT_COMPILATION_MODE = wholemodule;
				SWIFT_OPTIMIZATION_LEVEL = "-O";
				VALIDATE_PRODUCT = YES;
			};
			name = Release;
		};
		18F27CFF20FC0D36006390AB /* Debug */ = {
			isa = XCBuildConfiguration;
			buildSettings = {
				ASSETCATALOG_COMPILER_APPICON_NAME = AppIcon;
				CODE_SIGN_STYLE = Automatic;
				DEVELOPMENT_TEAM = "";
				INFOPLIST_FILE = Moments/Info.plist;
				LD_RUNPATH_SEARCH_PATHS = (
					"$(inherited)",
					"@executable_path/Frameworks",
				);
				PRODUCT_BUNDLE_IDENTIFIER = com.riahi.Moments;
				PRODUCT_NAME = "$(TARGET_NAME)";
				SWIFT_VERSION = 4.0;
				TARGETED_DEVICE_FAMILY = "1,2";
			};
			name = Debug;
		};
		18F27D0020FC0D36006390AB /* Release */ = {
			isa = XCBuildConfiguration;
			buildSettings = {
				ASSETCATALOG_COMPILER_APPICON_NAME = AppIcon;
				CODE_SIGN_STYLE = Automatic;
				DEVELOPMENT_TEAM = "";
				INFOPLIST_FILE = Moments/Info.plist;
				LD_RUNPATH_SEARCH_PATHS = (
					"$(inherited)",
					"@executable_path/Frameworks",
				);
				PRODUCT_BUNDLE_IDENTIFIER = com.riahi.Moments;
				PRODUCT_NAME = "$(TARGET_NAME)";
				SWIFT_VERSION = 4.0;
				TARGETED_DEVICE_FAMILY = "1,2";
			};
			name = Release;
		};
/* End XCBuildConfiguration section */

/* Begin XCConfigurationList section */
		18F27CE720FC0D32006390AB /* Build configuration list for PBXProject "Moments" */ = {
			isa = XCConfigurationList;
			buildConfigurations = (
				18F27CFC20FC0D36006390AB /* Debug */,
				18F27CFD20FC0D36006390AB /* Release */,
			);
			defaultConfigurationIsVisible = 0;
			defaultConfigurationName = Release;
		};
		18F27CFE20FC0D36006390AB /* Build configuration list for PBXNativeTarget "Moments" */ = {
			isa = XCConfigurationList;
			buildConfigurations = (
				18F27CFF20FC0D36006390AB /* Debug */,
				18F27D0020FC0D36006390AB /* Release */,
			);
			defaultConfigurationIsVisible = 0;
			defaultConfigurationName = Release;
		};
/* End XCConfigurationList section */
	};
	rootObject = 18F27CE420FC0D32006390AB /* Project object */;
}
